// !$*UTF8*$!
{
	archiveVersion = 1;
	classes = {
	};
	objectVersion = 56;
	objects = {

/* Begin PBXBuildFile section */
		EFC608E52A1A056D004FF4C1 /* AppDelegate.swift in Sources */ = {isa = PBXBuildFile; fileRef = EFC608E42A1A056D004FF4C1 /* AppDelegate.swift */; };
		EFC608E72A1A056D004FF4C1 /* SceneDelegate.swift in Sources */ = {isa = PBXBuildFile; fileRef = EFC608E62A1A056D004FF4C1 /* SceneDelegate.swift */; };
		EFC608E92A1A056D004FF4C1 /* ViewController.swift in Sources */ = {isa = PBXBuildFile; fileRef = EFC608E82A1A056D004FF4C1 /* ViewController.swift */; };
		EFC608EC2A1A056D004FF4C1 /* Main.storyboard in Resources */ = {isa = PBXBuildFile; fileRef = EFC608EA2A1A056D004FF4C1 /* Main.storyboard */; };
		EFC608EE2A1A056D004FF4C1 /* Assets.xcassets in Resources */ = {isa = PBXBuildFile; fileRef = EFC608ED2A1A056D004FF4C1 /* Assets.xcassets */; };
		EFC608F12A1A056D004FF4C1 /* LaunchScreen.storyboard in Resources */ = {isa = PBXBuildFile; fileRef = EFC608EF2A1A056D004FF4C1 /* LaunchScreen.storyboard */; };
		EFC608FC2A1A056D004FF4C1 /* ParallelChangeV2Tests.swift in Sources */ = {isa = PBXBuildFile; fileRef = EFC608FB2A1A056D004FF4C1 /* ParallelChangeV2Tests.swift */; };
		EFC609162A1A05A6004FF4C1 /* AuthService.swift in Sources */ = {isa = PBXBuildFile; fileRef = EFC609152A1A05A6004FF4C1 /* AuthService.swift */; };
		EFC609182A1A05FB004FF4C1 /* ShoppingCart.swift in Sources */ = {isa = PBXBuildFile; fileRef = EFC609172A1A05FB004FF4C1 /* ShoppingCart.swift */; };
		EFC6091A2A1A0622004FF4C1 /* ShoppingCartTests.swift in Sources */ = {isa = PBXBuildFile; fileRef = EFC609192A1A0622004FF4C1 /* ShoppingCartTests.swift */; };
/* End PBXBuildFile section */

/* Begin PBXContainerItemProxy section */
		EFC608F82A1A056D004FF4C1 /* PBXContainerItemProxy */ = {
			isa = PBXContainerItemProxy;
			containerPortal = EFC608D92A1A056C004FF4C1 /* Project object */;
			proxyType = 1;
			remoteGlobalIDString = EFC608E02A1A056D004FF4C1;
			remoteInfo = ParallelChangeV2;
		};
/* End PBXContainerItemProxy section */

/* Begin PBXFileReference section */
		EFC608E12A1A056D004FF4C1 /* ParallelChangeV2.app */ = {isa = PBXFileReference; explicitFileType = wrapper.application; includeInIndex = 0; path = ParallelChangeV2.app; sourceTree = BUILT_PRODUCTS_DIR; };
		EFC608E42A1A056D004FF4C1 /* AppDelegate.swift */ = {isa = PBXFileReference; lastKnownFileType = sourcecode.swift; path = AppDelegate.swift; sourceTree = "<group>"; };
		EFC608E62A1A056D004FF4C1 /* SceneDelegate.swift */ = {isa = PBXFileReference; lastKnownFileType = sourcecode.swift; path = SceneDelegate.swift; sourceTree = "<group>"; };
		EFC608E82A1A056D004FF4C1 /* ViewController.swift */ = {isa = PBXFileReference; lastKnownFileType = sourcecode.swift; path = ViewController.swift; sourceTree = "<group>"; };
		EFC608EB2A1A056D004FF4C1 /* Base */ = {isa = PBXFileReference; lastKnownFileType = file.storyboard; name = Base; path = Base.lproj/Main.storyboard; sourceTree = "<group>"; };
		EFC608ED2A1A056D004FF4C1 /* Assets.xcassets */ = {isa = PBXFileReference; lastKnownFileType = folder.assetcatalog; path = Assets.xcassets; sourceTree = "<group>"; };
		EFC608F02A1A056D004FF4C1 /* Base */ = {isa = PBXFileReference; lastKnownFileType = file.storyboard; name = Base; path = Base.lproj/LaunchScreen.storyboard; sourceTree = "<group>"; };
		EFC608F22A1A056D004FF4C1 /* Info.plist */ = {isa = PBXFileReference; lastKnownFileType = text.plist.xml; path = Info.plist; sourceTree = "<group>"; };
		EFC608F72A1A056D004FF4C1 /* ParallelChangeV2Tests.xctest */ = {isa = PBXFileReference; explicitFileType = wrapper.cfbundle; includeInIndex = 0; path = ParallelChangeV2Tests.xctest; sourceTree = BUILT_PRODUCTS_DIR; };
		EFC608FB2A1A056D004FF4C1 /* ParallelChangeV2Tests.swift */ = {isa = PBXFileReference; lastKnownFileType = sourcecode.swift; path = ParallelChangeV2Tests.swift; sourceTree = "<group>"; };
		EFC609152A1A05A6004FF4C1 /* AuthService.swift */ = {isa = PBXFileReference; lastKnownFileType = sourcecode.swift; path = AuthService.swift; sourceTree = "<group>"; };
		EFC609172A1A05FB004FF4C1 /* ShoppingCart.swift */ = {isa = PBXFileReference; lastKnownFileType = sourcecode.swift; path = ShoppingCart.swift; sourceTree = "<group>"; };
		EFC609192A1A0622004FF4C1 /* ShoppingCartTests.swift */ = {isa = PBXFileReference; lastKnownFileType = sourcecode.swift; path = ShoppingCartTests.swift; sourceTree = "<group>"; };
/* End PBXFileReference section */

/* Begin PBXFrameworksBuildPhase section */
		EFC608DE2A1A056D004FF4C1 /* Frameworks */ = {
			isa = PBXFrameworksBuildPhase;
			buildActionMask = 2147483647;
			files = (
			);
			runOnlyForDeploymentPostprocessing = 0;
		};
		EFC608F42A1A056D004FF4C1 /* Frameworks */ = {
			isa = PBXFrameworksBuildPhase;
			buildActionMask = 2147483647;
			files = (
			);
			runOnlyForDeploymentPostprocessing = 0;
		};
/* End PBXFrameworksBuildPhase section */

/* Begin PBXGroup section */
		EFC608D82A1A056C004FF4C1 = {
			isa = PBXGroup;
			children = (
				EFC608E32A1A056D004FF4C1 /* ParallelChangeV2 */,
				EFC608FA2A1A056D004FF4C1 /* ParallelChangeV2Tests */,
				EFC608E22A1A056D004FF4C1 /* Products */,
			);
			sourceTree = "<group>";
		};
		EFC608E22A1A056D004FF4C1 /* Products */ = {
			isa = PBXGroup;
			children = (
				EFC608E12A1A056D004FF4C1 /* ParallelChangeV2.app */,
				EFC608F72A1A056D004FF4C1 /* ParallelChangeV2Tests.xctest */,
			);
			name = Products;
			sourceTree = "<group>";
		};
		EFC608E32A1A056D004FF4C1 /* ParallelChangeV2 */ = {
			isa = PBXGroup;
			children = (
				EFC609142A1A057B004FF4C1 /* Files */,
				EFC608E42A1A056D004FF4C1 /* AppDelegate.swift */,
				EFC608E62A1A056D004FF4C1 /* SceneDelegate.swift */,
				EFC608E82A1A056D004FF4C1 /* ViewController.swift */,
				EFC608EA2A1A056D004FF4C1 /* Main.storyboard */,
				EFC608ED2A1A056D004FF4C1 /* Assets.xcassets */,
				EFC608EF2A1A056D004FF4C1 /* LaunchScreen.storyboard */,
				EFC608F22A1A056D004FF4C1 /* Info.plist */,
			);
			path = ParallelChangeV2;
			sourceTree = "<group>";
		};
		EFC608FA2A1A056D004FF4C1 /* ParallelChangeV2Tests */ = {
			isa = PBXGroup;
			children = (
				EFC608FB2A1A056D004FF4C1 /* ParallelChangeV2Tests.swift */,
				EFC609192A1A0622004FF4C1 /* ShoppingCartTests.swift */,
			);
			path = ParallelChangeV2Tests;
			sourceTree = "<group>";
		};
		EFC609142A1A057B004FF4C1 /* Files */ = {
			isa = PBXGroup;
			children = (
				EFC609152A1A05A6004FF4C1 /* AuthService.swift */,
				EFC609172A1A05FB004FF4C1 /* ShoppingCart.swift */,
			);
			path = Files;
			sourceTree = "<group>";
		};
/* End PBXGroup section */

/* Begin PBXNativeTarget section */
		EFC608E02A1A056D004FF4C1 /* ParallelChangeV2 */ = {
			isa = PBXNativeTarget;
			buildConfigurationList = EFC6090B2A1A056D004FF4C1 /* Build configuration list for PBXNativeTarget "ParallelChangeV2" */;
			buildPhases = (
				EFC608DD2A1A056D004FF4C1 /* Sources */,
				EFC608DE2A1A056D004FF4C1 /* Frameworks */,
				EFC608DF2A1A056D004FF4C1 /* Resources */,
			);
			buildRules = (
			);
			dependencies = (
			);
			name = ParallelChangeV2;
			productName = ParallelChangeV2;
			productReference = EFC608E12A1A056D004FF4C1 /* ParallelChangeV2.app */;
			productType = "com.apple.product-type.application";
		};
		EFC608F62A1A056D004FF4C1 /* ParallelChangeV2Tests */ = {
			isa = PBXNativeTarget;
			buildConfigurationList = EFC6090E2A1A056D004FF4C1 /* Build configuration list for PBXNativeTarget "ParallelChangeV2Tests" */;
			buildPhases = (
				EFC608F32A1A056D004FF4C1 /* Sources */,
				EFC608F42A1A056D004FF4C1 /* Frameworks */,
				EFC608F52A1A056D004FF4C1 /* Resources */,
			);
			buildRules = (
			);
			dependencies = (
				EFC608F92A1A056D004FF4C1 /* PBXTargetDependency */,
			);
			name = ParallelChangeV2Tests;
			productName = ParallelChangeV2Tests;
			productReference = EFC608F72A1A056D004FF4C1 /* ParallelChangeV2Tests.xctest */;
			productType = "com.apple.product-type.bundle.unit-test";
		};
/* End PBXNativeTarget section */

/* Begin PBXProject section */
		EFC608D92A1A056C004FF4C1 /* Project object */ = {
			isa = PBXProject;
			attributes = {
				BuildIndependentTargetsInParallel = 1;
				LastSwiftUpdateCheck = 1430;
				LastUpgradeCheck = 1430;
				TargetAttributes = {
					EFC608E02A1A056D004FF4C1 = {
						CreatedOnToolsVersion = 14.3;
					};
					EFC608F62A1A056D004FF4C1 = {
						CreatedOnToolsVersion = 14.3;
						TestTargetID = EFC608E02A1A056D004FF4C1;
					};
				};
			};
			buildConfigurationList = EFC608DC2A1A056C004FF4C1 /* Build configuration list for PBXProject "ParallelChangeV2" */;
			compatibilityVersion = "Xcode 14.0";
			developmentRegion = en;
			hasScannedForEncodings = 0;
			knownRegions = (
				en,
				Base,
			);
			mainGroup = EFC608D82A1A056C004FF4C1;
			productRefGroup = EFC608E22A1A056D004FF4C1 /* Products */;
			projectDirPath = "";
			projectRoot = "";
			targets = (
				EFC608E02A1A056D004FF4C1 /* ParallelChangeV2 */,
				EFC608F62A1A056D004FF4C1 /* ParallelChangeV2Tests */,
			);
		};
/* End PBXProject section */

/* Begin PBXResourcesBuildPhase section */
		EFC608DF2A1A056D004FF4C1 /* Resources */ = {
			isa = PBXResourcesBuildPhase;
			buildActionMask = 2147483647;
			files = (
				EFC608F12A1A056D004FF4C1 /* LaunchScreen.storyboard in Resources */,
				EFC608EE2A1A056D004FF4C1 /* Assets.xcassets in Resources */,
				EFC608EC2A1A056D004FF4C1 /* Main.storyboard in Resources */,
			);
			runOnlyForDeploymentPostprocessing = 0;
		};
		EFC608F52A1A056D004FF4C1 /* Resources */ = {
			isa = PBXResourcesBuildPhase;
			buildActionMask = 2147483647;
			files = (
			);
			runOnlyForDeploymentPostprocessing = 0;
		};
/* End PBXResourcesBuildPhase section */

/* Begin PBXSourcesBuildPhase section */
		EFC608DD2A1A056D004FF4C1 /* Sources */ = {
			isa = PBXSourcesBuildPhase;
			buildActionMask = 2147483647;
			files = (
				EFC609182A1A05FB004FF4C1 /* ShoppingCart.swift in Sources */,
				EFC608E92A1A056D004FF4C1 /* ViewController.swift in Sources */,
				EFC608E52A1A056D004FF4C1 /* AppDelegate.swift in Sources */,
				EFC608E72A1A056D004FF4C1 /* SceneDelegate.swift in Sources */,
				EFC609162A1A05A6004FF4C1 /* AuthService.swift in Sources */,
			);
			runOnlyForDeploymentPostprocessing = 0;
		};
		EFC608F32A1A056D004FF4C1 /* Sources */ = {
			isa = PBXSourcesBuildPhase;
			buildActionMask = 2147483647;
			files = (
				EFC608FC2A1A056D004FF4C1 /* ParallelChangeV2Tests.swift in Sources */,
				EFC6091A2A1A0622004FF4C1 /* ShoppingCartTests.swift in Sources */,
			);
			runOnlyForDeploymentPostprocessing = 0;
		};
/* End PBXSourcesBuildPhase section */

/* Begin PBXTargetDependency section */
		EFC608F92A1A056D004FF4C1 /* PBXTargetDependency */ = {
			isa = PBXTargetDependency;
			target = EFC608E02A1A056D004FF4C1 /* ParallelChangeV2 */;
			targetProxy = EFC608F82A1A056D004FF4C1 /* PBXContainerItemProxy */;
		};
/* End PBXTargetDependency section */

/* Begin PBXVariantGroup section */
		EFC608EA2A1A056D004FF4C1 /* Main.storyboard */ = {
			isa = PBXVariantGroup;
			children = (
				EFC608EB2A1A056D004FF4C1 /* Base */,
			);
			name = Main.storyboard;
			sourceTree = "<group>";
		};
		EFC608EF2A1A056D004FF4C1 /* LaunchScreen.storyboard */ = {
			isa = PBXVariantGroup;
			children = (
				EFC608F02A1A056D004FF4C1 /* Base */,
			);
			name = LaunchScreen.storyboard;
			sourceTree = "<group>";
		};
/* End PBXVariantGroup section */

/* Begin XCBuildConfiguration section */
		EFC609092A1A056D004FF4C1 /* Debug */ = {
			isa = XCBuildConfiguration;
			buildSettings = {
				ALWAYS_SEARCH_USER_PATHS = NO;
				CLANG_ANALYZER_NONNULL = YES;
				CLANG_ANALYZER_NUMBER_OBJECT_CONVERSION = YES_AGGRESSIVE;
				CLANG_CXX_LANGUAGE_STANDARD = "gnu++20";
				CLANG_ENABLE_MODULES = YES;
				CLANG_ENABLE_OBJC_ARC = YES;
				CLANG_ENABLE_OBJC_WEAK = YES;
				CLANG_WARN_BLOCK_CAPTURE_AUTORELEASING = YES;
				CLANG_WARN_BOOL_CONVERSION = YES;
				CLANG_WARN_COMMA = YES;
				CLANG_WARN_CONSTANT_CONVERSION = YES;
				CLANG_WARN_DEPRECATED_OBJC_IMPLEMENTATIONS = YES;
				CLANG_WARN_DIRECT_OBJC_ISA_USAGE = YES_ERROR;
				CLANG_WARN_DOCUMENTATION_COMMENTS = YES;
				CLANG_WARN_EMPTY_BODY = YES;
				CLANG_WARN_ENUM_CONVERSION = YES;
				CLANG_WARN_INFINITE_RECURSION = YES;
				CLANG_WARN_INT_CONVERSION = YES;
				CLANG_WARN_NON_LITERAL_NULL_CONVERSION = YES;
				CLANG_WARN_OBJC_IMPLICIT_RETAIN_SELF = YES;
				CLANG_WARN_OBJC_LITERAL_CONVERSION = YES;
				CLANG_WARN_OBJC_ROOT_CLASS = YES_ERROR;
				CLANG_WARN_QUOTED_INCLUDE_IN_FRAMEWORK_HEADER = YES;
				CLANG_WARN_RANGE_LOOP_ANALYSIS = YES;
				CLANG_WARN_STRICT_PROTOTYPES = YES;
				CLANG_WARN_SUSPICIOUS_MOVE = YES;
				CLANG_WARN_UNGUARDED_AVAILABILITY = YES_AGGRESSIVE;
				CLANG_WARN_UNREACHABLE_CODE = YES;
				CLANG_WARN__DUPLICATE_METHOD_MATCH = YES;
				COPY_PHASE_STRIP = NO;
				DEBUG_INFORMATION_FORMAT = dwarf;
				ENABLE_STRICT_OBJC_MSGSEND = YES;
				ENABLE_TESTABILITY = YES;
				GCC_C_LANGUAGE_STANDARD = gnu11;
				GCC_DYNAMIC_NO_PIC = NO;
				GCC_NO_COMMON_BLOCKS = YES;
				GCC_OPTIMIZATION_LEVEL = 0;
				GCC_PREPROCESSOR_DEFINITIONS = (
					"DEBUG=1",
					"$(inherited)",
				);
				GCC_WARN_64_TO_32_BIT_CONVERSION = YES;
				GCC_WARN_ABOUT_RETURN_TYPE = YES_ERROR;
				GCC_WARN_UNDECLARED_SELECTOR = YES;
				GCC_WARN_UNINITIALIZED_AUTOS = YES_AGGRESSIVE;
				GCC_WARN_UNUSED_FUNCTION = YES;
				GCC_WARN_UNUSED_VARIABLE = YES;
				IPHONEOS_DEPLOYMENT_TARGET = 16.4;
				MTL_ENABLE_DEBUG_INFO = INCLUDE_SOURCE;
				MTL_FAST_MATH = YES;
				ONLY_ACTIVE_ARCH = YES;
				SDKROOT = iphoneos;
				SWIFT_ACTIVE_COMPILATION_CONDITIONS = DEBUG;
				SWIFT_OPTIMIZATION_LEVEL = "-Onone";
			};
			name = Debug;
		};
		EFC6090A2A1A056D004FF4C1 /* Release */ = {
			isa = XCBuildConfiguration;
			buildSettings = {
				ALWAYS_SEARCH_USER_PATHS = NO;
				CLANG_ANALYZER_NONNULL = YES;
				CLANG_ANALYZER_NUMBER_OBJECT_CONVERSION = YES_AGGRESSIVE;
				CLANG_CXX_LANGUAGE_STANDARD = "gnu++20";
				CLANG_ENABLE_MODULES = YES;
				CLANG_ENABLE_OBJC_ARC = YES;
				CLANG_ENABLE_OBJC_WEAK = YES;
				CLANG_WARN_BLOCK_CAPTURE_AUTORELEASING = YES;
				CLANG_WARN_BOOL_CONVERSION = YES;
				CLANG_WARN_COMMA = YES;
				CLANG_WARN_CONSTANT_CONVERSION = YES;
				CLANG_WARN_DEPRECATED_OBJC_IMPLEMENTATIONS = YES;
				CLANG_WARN_DIRECT_OBJC_ISA_USAGE = YES_ERROR;
				CLANG_WARN_DOCUMENTATION_COMMENTS = YES;
				CLANG_WARN_EMPTY_BODY = YES;
				CLANG_WARN_ENUM_CONVERSION = YES;
				CLANG_WARN_INFINITE_RECURSION = YES;
				CLANG_WARN_INT_CONVERSION = YES;
				CLANG_WARN_NON_LITERAL_NULL_CONVERSION = YES;
				CLANG_WARN_OBJC_IMPLICIT_RETAIN_SELF = YES;
				CLANG_WARN_OBJC_LITERAL_CONVERSION = YES;
				CLANG_WARN_OBJC_ROOT_CLASS = YES_ERROR;
				CLANG_WARN_QUOTED_INCLUDE_IN_FRAMEWORK_HEADER = YES;
				CLANG_WARN_RANGE_LOOP_ANALYSIS = YES;
				CLANG_WARN_STRICT_PROTOTYPES = YES;
				CLANG_WARN_SUSPICIOUS_MOVE = YES;
				CLANG_WARN_UNGUARDED_AVAILABILITY = YES_AGGRESSIVE;
				CLANG_WARN_UNREACHABLE_CODE = YES;
				CLANG_WARN__DUPLICATE_METHOD_MATCH = YES;
				COPY_PHASE_STRIP = NO;
				DEBUG_INFORMATION_FORMAT = "dwarf-with-dsym";
				ENABLE_NS_ASSERTIONS = NO;
				ENABLE_STRICT_OBJC_MSGSEND = YES;
				GCC_C_LANGUAGE_STANDARD = gnu11;
				GCC_NO_COMMON_BLOCKS = YES;
				GCC_WARN_64_TO_32_BIT_CONVERSION = YES;
				GCC_WARN_ABOUT_RETURN_TYPE = YES_ERROR;
				GCC_WARN_UNDECLARED_SELECTOR = YES;
				GCC_WARN_UNINITIALIZED_AUTOS = YES_AGGRESSIVE;
				GCC_WARN_UNUSED_FUNCTION = YES;
				GCC_WARN_UNUSED_VARIABLE = YES;
				IPHONEOS_DEPLOYMENT_TARGET = 16.4;
				MTL_ENABLE_DEBUG_INFO = NO;
				MTL_FAST_MATH = YES;
				SDKROOT = iphoneos;
				SWIFT_COMPILATION_MODE = wholemodule;
				SWIFT_OPTIMIZATION_LEVEL = "-O";
				VALIDATE_PRODUCT = YES;
			};
			name = Release;
		};
		EFC6090C2A1A056D004FF4C1 /* Debug */ = {
			isa = XCBuildConfiguration;
			buildSettings = {
				ASSETCATALOG_COMPILER_APPICON_NAME = AppIcon;
				ASSETCATALOG_COMPILER_GLOBAL_ACCENT_COLOR_NAME = AccentColor;
				CODE_SIGN_STYLE = Automatic;
				CURRENT_PROJECT_VERSION = 1;
				DEVELOPMENT_TEAM = 877W3Y5LK2;
				GENERATE_INFOPLIST_FILE = YES;
				INFOPLIST_FILE = ParallelChangeV2/Info.plist;
				INFOPLIST_KEY_UIApplicationSupportsIndirectInputEvents = YES;
				INFOPLIST_KEY_UILaunchStoryboardName = LaunchScreen;
				INFOPLIST_KEY_UIMainStoryboardFile = Main;
				INFOPLIST_KEY_UISupportedInterfaceOrientations_iPad = "UIInterfaceOrientationPortrait UIInterfaceOrientationPortraitUpsideDown UIInterfaceOrientationLandscapeLeft UIInterfaceOrientationLandscapeRight";
				INFOPLIST_KEY_UISupportedInterfaceOrientations_iPhone = "UIInterfaceOrientationPortrait UIInterfaceOrientationLandscapeLeft UIInterfaceOrientationLandscapeRight";
				LD_RUNPATH_SEARCH_PATHS = (
					"$(inherited)",
					"@executable_path/Frameworks",
				);
				MARKETING_VERSION = 1.0;
				PRODUCT_BUNDLE_IDENTIFIER = com.ArapApp.ParallelChangeV2;
				PRODUCT_NAME = "$(TARGET_NAME)";
				SWIFT_EMIT_LOC_STRINGS = YES;
				SWIFT_VERSION = 5.0;
				TARGETED_DEVICE_FAMILY = "1,2";
			};
			name = Debug;
		};
		EFC6090D2A1A056D004FF4C1 /* Release */ = {
			isa = XCBuildConfiguration;
			buildSettings = {
				ASSETCATALOG_COMPILER_APPICON_NAME = AppIcon;
				ASSETCATALOG_COMPILER_GLOBAL_ACCENT_COLOR_NAME = AccentColor;
				CODE_SIGN_STYLE = Automatic;
				CURRENT_PROJECT_VERSION = 1;
				DEVELOPMENT_TEAM = 877W3Y5LK2;
				GENERATE_INFOPLIST_FILE = YES;
				INFOPLIST_FILE = ParallelChangeV2/Info.plist;
				INFOPLIST_KEY_UIApplicationSupportsIndirectInputEvents = YES;
				INFOPLIST_KEY_UILaunchStoryboardName = LaunchScreen;
				INFOPLIST_KEY_UIMainStoryboardFile = Main;
				INFOPLIST_KEY_UISupportedInterfaceOrientations_iPad = "UIInterfaceOrientationPortrait UIInterfaceOrientationPortraitUpsideDown UIInterfaceOrientationLandscapeLeft UIInterfaceOrientationLandscapeRight";
				INFOPLIST_KEY_UISupportedInterfaceOrientations_iPhone = "UIInterfaceOrientationPortrait UIInterfaceOrientationLandscapeLeft UIInterfaceOrientationLandscapeRight";
				LD_RUNPATH_SEARCH_PATHS = (
					"$(inherited)",
					"@executable_path/Frameworks",
				);
				MARKETING_VERSION = 1.0;
				PRODUCT_BUNDLE_IDENTIFIER = com.ArapApp.ParallelChangeV2;
				PRODUCT_NAME = "$(TARGET_NAME)";
				SWIFT_EMIT_LOC_STRINGS = YES;
				SWIFT_VERSION = 5.0;
				TARGETED_DEVICE_FAMILY = "1,2";
			};
			name = Release;
		};
		EFC6090F2A1A056D004FF4C1 /* Debug */ = {
			isa = XCBuildConfiguration;
			buildSettings = {
				ALWAYS_EMBED_SWIFT_STANDARD_LIBRARIES = YES;
				BUNDLE_LOADER = "$(TEST_HOST)";
				CODE_SIGN_STYLE = Automatic;
				CURRENT_PROJECT_VERSION = 1;
				DEVELOPMENT_TEAM = 877W3Y5LK2;
				GENERATE_INFOPLIST_FILE = YES;
				IPHONEOS_DEPLOYMENT_TARGET = 16.4;
				MARKETING_VERSION = 1.0;
				PRODUCT_BUNDLE_IDENTIFIER = com.ArapApp.ParallelChangeV2Tests;
				PRODUCT_NAME = "$(TARGET_NAME)";
				SWIFT_EMIT_LOC_STRINGS = NO;
				SWIFT_VERSION = 5.0;
				TARGETED_DEVICE_FAMILY = "1,2";
				TEST_HOST = "$(BUILT_PRODUCTS_DIR)/ParallelChangeV2.app/$(BUNDLE_EXECUTABLE_FOLDER_PATH)/ParallelChangeV2";
			};
			name = Debug;
		};
		EFC609102A1A056D004FF4C1 /* Release */ = {
			isa = XCBuildConfiguration;
			buildSettings = {
				ALWAYS_EMBED_SWIFT_STANDARD_LIBRARIES = YES;
				BUNDLE_LOADER = "$(TEST_HOST)";
				CODE_SIGN_STYLE = Automatic;
				CURRENT_PROJECT_VERSION = 1;
				DEVELOPMENT_TEAM = 877W3Y5LK2;
				GENERATE_INFOPLIST_FILE = YES;
				IPHONEOS_DEPLOYMENT_TARGET = 16.4;
				MARKETING_VERSION = 1.0;
				PRODUCT_BUNDLE_IDENTIFIER = com.ArapApp.ParallelChangeV2Tests;
				PRODUCT_NAME = "$(TARGET_NAME)";
				SWIFT_EMIT_LOC_STRINGS = NO;
				SWIFT_VERSION = 5.0;
				TARGETED_DEVICE_FAMILY = "1,2";
				TEST_HOST = "$(BUILT_PRODUCTS_DIR)/ParallelChangeV2.app/$(BUNDLE_EXECUTABLE_FOLDER_PATH)/ParallelChangeV2";
			};
			name = Release;
		};
/* End XCBuildConfiguration section */

/* Begin XCConfigurationList section */
		EFC608DC2A1A056C004FF4C1 /* Build configuration list for PBXProject "ParallelChangeV2" */ = {
			isa = XCConfigurationList;
			buildConfigurations = (
				EFC609092A1A056D004FF4C1 /* Debug */,
				EFC6090A2A1A056D004FF4C1 /* Release */,
			);
			defaultConfigurationIsVisible = 0;
			defaultConfigurationName = Release;
		};
		EFC6090B2A1A056D004FF4C1 /* Build configuration list for PBXNativeTarget "ParallelChangeV2" */ = {
			isa = XCConfigurationList;
			buildConfigurations = (
				EFC6090C2A1A056D004FF4C1 /* Debug */,
				EFC6090D2A1A056D004FF4C1 /* Release */,
			);
			defaultConfigurationIsVisible = 0;
			defaultConfigurationName = Release;
		};
		EFC6090E2A1A056D004FF4C1 /* Build configuration list for PBXNativeTarget "ParallelChangeV2Tests" */ = {
			isa = XCConfigurationList;
			buildConfigurations = (
				EFC6090F2A1A056D004FF4C1 /* Debug */,
				EFC609102A1A056D004FF4C1 /* Release */,
			);
			defaultConfigurationIsVisible = 0;
			defaultConfigurationName = Release;
		};
/* End XCConfigurationList section */
	};
	rootObject = EFC608D92A1A056C004FF4C1 /* Project object */;
}
